
Microsoft Visual Studio Solution File, Format Version 12.00
# Visual Studio Version 16
VisualStudioVersion = 16.0.30204.135
MinimumVisualStudioVersion = 10.0.40219.1
Project("{9A19103F-16F7-4668-BE54-9A1E7A4F7556}") = "Strategy", "Strategy\Strategy.csproj", "{E13FD86E-BF24-4C75-8FF4-8FC074CF669B}"
EndProject
Project("{9A19103F-16F7-4668-BE54-9A1E7A4F7556}") = "ChainOfResponsibility", "ChainOfResponsibility\ChainOfResponsibility.csproj", "{E1D07F5C-94BA-44AF-BC7C-8FE739D532DB}"
EndProject
Project("{9A19103F-16F7-4668-BE54-9A1E7A4F7556}") = "TemplateMethod", "TemplateMethod\TemplateMethod.csproj", "{A335614E-CAFE-4286-AA6B-AB2EECF4F632}"
EndProject
Project("{9A19103F-16F7-4668-BE54-9A1E7A4F7556}") = "Decorator", "Decorator\Decorator.csproj", "{8CDACBFA-6B10-4660-A78D-6BA1CAEF86A6}"
EndProject
Project("{9A19103F-16F7-4668-BE54-9A1E7A4F7556}") = "Flyweight", "Flyweight\Flyweight.csproj", "{798D254B-B4C6-4CF8-B7AD-2CBC9F67EBAD}"
EndProject
Project("{9A19103F-16F7-4668-BE54-9A1E7A4F7556}") = "Memento", "Memento\Memento.csproj", "{93F55C78-2B7D-475B-81D5-D416DADF3E62}"
EndProject
Project("{9A19103F-16F7-4668-BE54-9A1E7A4F7556}") = "InterpreterEVisitor", "Interpreter\InterpreterEVisitor.csproj", "{456C27B7-2530-4506-A900-6090D8E559A3}"
EndProject
Project("{FAE04EC0-301F-11D3-BF4B-00C04F79EFBC}") = "Command", "Command\Command.csproj", "{DA7D2026-0E0A-4DBD-AD5C-D3ED078EAF0B}"
EndProject
Global
	GlobalSection(SolutionConfigurationPlatforms) = preSolution
		Debug|Any CPU = Debug|Any CPU
		Release|Any CPU = Release|Any CPU
	EndGlobalSection
	GlobalSection(ProjectConfigurationPlatforms) = postSolution
		{E13FD86E-BF24-4C75-8FF4-8FC074CF669B}.Debug|Any CPU.ActiveCfg = Debug|Any CPU
		{E13FD86E-BF24-4C75-8FF4-8FC074CF669B}.Debug|Any CPU.Build.0 = Debug|Any CPU
		{E13FD86E-BF24-4C75-8FF4-8FC074CF669B}.Release|Any CPU.ActiveCfg = Release|Any CPU
		{E13FD86E-BF24-4C75-8FF4-8FC074CF669B}.Release|Any CPU.Build.0 = Release|Any CPU
		{E1D07F5C-94BA-44AF-BC7C-8FE739D532DB}.Debug|Any CPU.ActiveCfg = Debug|Any CPU
		{E1D07F5C-94BA-44AF-BC7C-8FE739D532DB}.Debug|Any CPU.Build.0 = Debug|Any CPU
		{E1D07F5C-94BA-44AF-BC7C-8FE739D532DB}.Release|Any CPU.ActiveCfg = Release|Any CPU
		{E1D07F5C-94BA-44AF-BC7C-8FE739D532DB}.Release|Any CPU.Build.0 = Release|Any CPU
		{A335614E-CAFE-4286-AA6B-AB2EECF4F632}.Debug|Any CPU.ActiveCfg = Debug|Any CPU
		{A335614E-CAFE-4286-AA6B-AB2EECF4F632}.Debug|Any CPU.Build.0 = Debug|Any CPU
		{A335614E-CAFE-4286-AA6B-AB2EECF4F632}.Release|Any CPU.ActiveCfg = Release|Any CPU
		{A335614E-CAFE-4286-AA6B-AB2EECF4F632}.Release|Any CPU.Build.0 = Release|Any CPU
		{8CDACBFA-6B10-4660-A78D-6BA1CAEF86A6}.Debug|Any CPU.ActiveCfg = Debug|Any CPU
		{8CDACBFA-6B10-4660-A78D-6BA1CAEF86A6}.Debug|Any CPU.Build.0 = Debug|Any CPU
		{8CDACBFA-6B10-4660-A78D-6BA1CAEF86A6}.Release|Any CPU.ActiveCfg = Release|Any CPU
		{8CDACBFA-6B10-4660-A78D-6BA1CAEF86A6}.Release|Any CPU.Build.0 = Release|Any CPU
		{798D254B-B4C6-4CF8-B7AD-2CBC9F67EBAD}.Debug|Any CPU.ActiveCfg = Debug|Any CPU
		{798D254B-B4C6-4CF8-B7AD-2CBC9F67EBAD}.Debug|Any CPU.Build.0 = Debug|Any CPU
		{798D254B-B4C6-4CF8-B7AD-2CBC9F67EBAD}.Release|Any CPU.ActiveCfg = Release|Any CPU
		{798D254B-B4C6-4CF8-B7AD-2CBC9F67EBAD}.Release|Any CPU.Build.0 = Release|Any CPU
		{93F55C78-2B7D-475B-81D5-D416DADF3E62}.Debug|Any CPU.ActiveCfg = Debug|Any CPU
		{93F55C78-2B7D-475B-81D5-D416DADF3E62}.Debug|Any CPU.Build.0 = Debug|Any CPU
		{93F55C78-2B7D-475B-81D5-D416DADF3E62}.Release|Any CPU.ActiveCfg = Release|Any CPU
		{93F55C78-2B7D-475B-81D5-D416DADF3E62}.Release|Any CPU.Build.0 = Release|Any CPU
		{456C27B7-2530-4506-A900-6090D8E559A3}.Debug|Any CPU.ActiveCfg = Debug|Any CPU
		{456C27B7-2530-4506-A900-6090D8E559A3}.Debug|Any CPU.Build.0 = Debug|Any CPU
		{456C27B7-2530-4506-A900-6090D8E559A3}.Release|Any CPU.ActiveCfg = Release|Any CPU
		{456C27B7-2530-4506-A900-6090D8E559A3}.Release|Any CPU.Build.0 = Release|Any CPU
		{DA7D2026-0E0A-4DBD-AD5C-D3ED078EAF0B}.Debug|Any CPU.ActiveCfg = Debug|Any CPU
		{DA7D2026-0E0A-4DBD-AD5C-D3ED078EAF0B}.Debug|Any CPU.Build.0 = Debug|Any CPU
		{DA7D2026-0E0A-4DBD-AD5C-D3ED078EAF0B}.Release|Any CPU.ActiveCfg = Release|Any CPU
		{DA7D2026-0E0A-4DBD-AD5C-D3ED078EAF0B}.Release|Any CPU.Build.0 = Release|Any CPU
	EndGlobalSection
	GlobalSection(SolutionProperties) = preSolution
		HideSolutionNode = FALSE
	EndGlobalSection
	GlobalSection(ExtensibilityGlobals) = postSolution
		SolutionGuid = {5BFE9AB8-B506-4A2A-922B-31EAD5D275A1}
	EndGlobalSection
EndGlobal
